// !$*UTF8*$!
{
	archiveVersion = 1;
	classes = {
	};
	objectVersion = 51;
	objects = {

/* Begin PBXBuildFile section */
		060024FE236F99DA00A20C96 /* DashboardCategoryRow.swift in Sources */ = {isa = PBXBuildFile; fileRef = 060024FD236F99DA00A20C96 /* DashboardCategoryRow.swift */; };
		06002500236F9A8000A20C96 /* DashboardGroupsAndCategories.swift in Sources */ = {isa = PBXBuildFile; fileRef = 060024FF236F9A8000A20C96 /* DashboardGroupsAndCategories.swift */; };
		06002502236F9D9500A20C96 /* MockFile.swift in Sources */ = {isa = PBXBuildFile; fileRef = 06002501236F9D9500A20C96 /* MockFile.swift */; };
		065F03D0236DEF78005AED12 /* ErrorBannerView.swift in Sources */ = {isa = PBXBuildFile; fileRef = 065F03CF236DEF78005AED12 /* ErrorBannerView.swift */; };
		065F03D2236E2385005AED12 /* DashboardRow.swift in Sources */ = {isa = PBXBuildFile; fileRef = 065F03D1236E2385005AED12 /* DashboardRow.swift */; };
		066EF459235CE07C00E94CE4 /* GoogleSignInButton.swift in Sources */ = {isa = PBXBuildFile; fileRef = 066EF458235CE07C00E94CE4 /* GoogleSignInButton.swift */; };
		066EF45B235CF2C900E94CE4 /* BackgroundColorView.swift in Sources */ = {isa = PBXBuildFile; fileRef = 066EF45A235CF2C900E94CE4 /* BackgroundColorView.swift */; };
		066EF45E235CF74500E94CE4 /* User.swift in Sources */ = {isa = PBXBuildFile; fileRef = 066EF45D235CF74500E94CE4 /* User.swift */; };
		066EF460235D3D6000E94CE4 /* UserManager.swift in Sources */ = {isa = PBXBuildFile; fileRef = 066EF45F235D3D6000E94CE4 /* UserManager.swift */; };
		066EF462235D4FBD00E94CE4 /* SignInView.swift in Sources */ = {isa = PBXBuildFile; fileRef = 066EF461235D4FBD00E94CE4 /* SignInView.swift */; };
		066EF464235E92AF00E94CE4 /* GoogleDriveManager.swift in Sources */ = {isa = PBXBuildFile; fileRef = 066EF463235E92AF00E94CE4 /* GoogleDriveManager.swift */; };
		0694C2232369EDB90039528A /* DashboardView.swift in Sources */ = {isa = PBXBuildFile; fileRef = 0694C2222369EDB90039528A /* DashboardView.swift */; };
		06A0DAA8235BF99400AEF9FE /* credentials.plist in Resources */ = {isa = PBXBuildFile; fileRef = 06A0DAA7235BF99400AEF9FE /* credentials.plist */; };
		06A0DAAC235BFE6700AEF9FE /* GoogleSDKCredentials.swift in Sources */ = {isa = PBXBuildFile; fileRef = 06A0DAAB235BFE6700AEF9FE /* GoogleSDKCredentials.swift */; };
		06A96049235FBDC90058EE64 /* GoogleSDKCredentialsTests.swift in Sources */ = {isa = PBXBuildFile; fileRef = 06A96048235FBDC90058EE64 /* GoogleSDKCredentialsTests.swift */; };
		06A9604C235FC27D0058EE64 /* credentials.plist in Resources */ = {isa = PBXBuildFile; fileRef = 06A9604B235FC27D0058EE64 /* credentials.plist */; };
		06A96050235FC9F50058EE64 /* bad_credentials.plist in Resources */ = {isa = PBXBuildFile; fileRef = 06A9604F235FC9F50058EE64 /* bad_credentials.plist */; };
		06A96052235FD2A60058EE64 /* ObjectFactory.swift in Sources */ = {isa = PBXBuildFile; fileRef = 06A96051235FD2A60058EE64 /* ObjectFactory.swift */; };
		06A96054235FF2620058EE64 /* UserManagerTests.swift in Sources */ = {isa = PBXBuildFile; fileRef = 06A96053235FF2620058EE64 /* UserManagerTests.swift */; };
		06AB2C8223627B2D0076516E /* File.swift in Sources */ = {isa = PBXBuildFile; fileRef = 06AB2C8123627B2D0076516E /* File.swift */; };
		06AB2C842363B4840076516E /* GoogleDriveManagerTests.swift in Sources */ = {isa = PBXBuildFile; fileRef = 06AB2C832363B4840076516E /* GoogleDriveManagerTests.swift */; };
		06C5C6A823690AEB00862196 /* FileSelectorView.swift in Sources */ = {isa = PBXBuildFile; fileRef = 06C5C6A723690AEB00862196 /* FileSelectorView.swift */; };
		06EA7A48236CC57400D70CC9 /* MockGIDSignIn.swift in Sources */ = {isa = PBXBuildFile; fileRef = 06EA7A47236CC57400D70CC9 /* MockGIDSignIn.swift */; };
		06EA7A4A236CC64000D70CC9 /* MockUser.swift in Sources */ = {isa = PBXBuildFile; fileRef = 06EA7A49236CC64000D70CC9 /* MockUser.swift */; };
		06EA7A4C236CC6A100D70CC9 /* MockNotificationCenter.swift in Sources */ = {isa = PBXBuildFile; fileRef = 06EA7A4B236CC6A100D70CC9 /* MockNotificationCenter.swift */; };
		06EA7A4E236CC71B00D70CC9 /* MockAuthorizer.swift in Sources */ = {isa = PBXBuildFile; fileRef = 06EA7A4D236CC71B00D70CC9 /* MockAuthorizer.swift */; };
		06EA7A50236CC8F900D70CC9 /* GoogleSheetsManager.swift in Sources */ = {isa = PBXBuildFile; fileRef = 06EA7A4F236CC8F900D70CC9 /* GoogleSheetsManager.swift */; };
		06EA7A54236CD70400D70CC9 /* GoogleSheetsManagerTests.swift in Sources */ = {isa = PBXBuildFile; fileRef = 06EA7A53236CD70400D70CC9 /* GoogleSheetsManagerTests.swift */; };
		06ED8A63235A908E009BA6A7 /* AppDelegate.swift in Sources */ = {isa = PBXBuildFile; fileRef = 06ED8A62235A908E009BA6A7 /* AppDelegate.swift */; };
		06ED8A65235A908E009BA6A7 /* SceneDelegate.swift in Sources */ = {isa = PBXBuildFile; fileRef = 06ED8A64235A908E009BA6A7 /* SceneDelegate.swift */; };
		06ED8A67235A908E009BA6A7 /* ContentView.swift in Sources */ = {isa = PBXBuildFile; fileRef = 06ED8A66235A908E009BA6A7 /* ContentView.swift */; };
		06ED8A69235A9090009BA6A7 /* Assets.xcassets in Resources */ = {isa = PBXBuildFile; fileRef = 06ED8A68235A9090009BA6A7 /* Assets.xcassets */; };
		06ED8A6C235A9090009BA6A7 /* Preview Assets.xcassets in Resources */ = {isa = PBXBuildFile; fileRef = 06ED8A6B235A9090009BA6A7 /* Preview Assets.xcassets */; };
		06ED8A6F235A9090009BA6A7 /* LaunchScreen.storyboard in Resources */ = {isa = PBXBuildFile; fileRef = 06ED8A6D235A9090009BA6A7 /* LaunchScreen.storyboard */; };
		06ED8A7A235A9091009BA6A7 /* Aspire_BudgetingTests.swift in Sources */ = {isa = PBXBuildFile; fileRef = 06ED8A79235A9091009BA6A7 /* Aspire_BudgetingTests.swift */; };
		2D3CFAC19EDA97C0B481206D /* Pods_Aspire_BudgetingTests.framework in Frameworks */ = {isa = PBXBuildFile; fileRef = 68CE46AC8D5C124DF9507C36 /* Pods_Aspire_BudgetingTests.framework */; };
		8D52A640C3D198885D3A12E6 /* Pods_Aspire_Budgeting.framework in Frameworks */ = {isa = PBXBuildFile; fileRef = 8996E894932F10AFA501C123 /* Pods_Aspire_Budgeting.framework */; };
/* End PBXBuildFile section */

/* Begin PBXContainerItemProxy section */
		06ED8A76235A9091009BA6A7 /* PBXContainerItemProxy */ = {
			isa = PBXContainerItemProxy;
			containerPortal = 06ED8A57235A908E009BA6A7 /* Project object */;
			proxyType = 1;
			remoteGlobalIDString = 06ED8A5E235A908E009BA6A7;
			remoteInfo = "Aspire Budgeting";
		};
/* End PBXContainerItemProxy section */

/* Begin PBXFileReference section */
		060024FD236F99DA00A20C96 /* DashboardCategoryRow.swift */ = {isa = PBXFileReference; lastKnownFileType = sourcecode.swift; path = DashboardCategoryRow.swift; sourceTree = "<group>"; };
		060024FF236F9A8000A20C96 /* DashboardGroupsAndCategories.swift */ = {isa = PBXFileReference; lastKnownFileType = sourcecode.swift; path = DashboardGroupsAndCategories.swift; sourceTree = "<group>"; };
		06002501236F9D9500A20C96 /* MockFile.swift */ = {isa = PBXFileReference; lastKnownFileType = sourcecode.swift; path = MockFile.swift; sourceTree = "<group>"; };
		065F03CF236DEF78005AED12 /* ErrorBannerView.swift */ = {isa = PBXFileReference; lastKnownFileType = sourcecode.swift; path = ErrorBannerView.swift; sourceTree = "<group>"; };
		065F03D1236E2385005AED12 /* DashboardRow.swift */ = {isa = PBXFileReference; lastKnownFileType = sourcecode.swift; path = DashboardRow.swift; sourceTree = "<group>"; };
		066EF458235CE07C00E94CE4 /* GoogleSignInButton.swift */ = {isa = PBXFileReference; lastKnownFileType = sourcecode.swift; path = GoogleSignInButton.swift; sourceTree = "<group>"; };
		066EF45A235CF2C900E94CE4 /* BackgroundColorView.swift */ = {isa = PBXFileReference; lastKnownFileType = sourcecode.swift; path = BackgroundColorView.swift; sourceTree = "<group>"; };
		066EF45D235CF74500E94CE4 /* User.swift */ = {isa = PBXFileReference; lastKnownFileType = sourcecode.swift; path = User.swift; sourceTree = "<group>"; };
		066EF45F235D3D6000E94CE4 /* UserManager.swift */ = {isa = PBXFileReference; lastKnownFileType = sourcecode.swift; path = UserManager.swift; sourceTree = "<group>"; };
		066EF461235D4FBD00E94CE4 /* SignInView.swift */ = {isa = PBXFileReference; lastKnownFileType = sourcecode.swift; path = SignInView.swift; sourceTree = "<group>"; };
		066EF463235E92AF00E94CE4 /* GoogleDriveManager.swift */ = {isa = PBXFileReference; lastKnownFileType = sourcecode.swift; path = GoogleDriveManager.swift; sourceTree = "<group>"; };
		0694C2222369EDB90039528A /* DashboardView.swift */ = {isa = PBXFileReference; lastKnownFileType = sourcecode.swift; path = DashboardView.swift; sourceTree = "<group>"; };
		06A0DAA7235BF99400AEF9FE /* credentials.plist */ = {isa = PBXFileReference; fileEncoding = 4; lastKnownFileType = text.plist.xml; path = credentials.plist; sourceTree = "<group>"; };
		06A0DAAB235BFE6700AEF9FE /* GoogleSDKCredentials.swift */ = {isa = PBXFileReference; lastKnownFileType = sourcecode.swift; path = GoogleSDKCredentials.swift; sourceTree = "<group>"; };
		06A96048235FBDC90058EE64 /* GoogleSDKCredentialsTests.swift */ = {isa = PBXFileReference; lastKnownFileType = sourcecode.swift; path = GoogleSDKCredentialsTests.swift; sourceTree = "<group>"; };
		06A9604B235FC27D0058EE64 /* credentials.plist */ = {isa = PBXFileReference; fileEncoding = 4; lastKnownFileType = text.plist.xml; path = credentials.plist; sourceTree = "<group>"; };
		06A9604F235FC9F50058EE64 /* bad_credentials.plist */ = {isa = PBXFileReference; fileEncoding = 4; lastKnownFileType = text.plist.xml; path = bad_credentials.plist; sourceTree = "<group>"; };
		06A96051235FD2A60058EE64 /* ObjectFactory.swift */ = {isa = PBXFileReference; lastKnownFileType = sourcecode.swift; path = ObjectFactory.swift; sourceTree = "<group>"; };
		06A96053235FF2620058EE64 /* UserManagerTests.swift */ = {isa = PBXFileReference; lastKnownFileType = sourcecode.swift; path = UserManagerTests.swift; sourceTree = "<group>"; };
		06AB2C8123627B2D0076516E /* File.swift */ = {isa = PBXFileReference; lastKnownFileType = sourcecode.swift; path = File.swift; sourceTree = "<group>"; };
		06AB2C832363B4840076516E /* GoogleDriveManagerTests.swift */ = {isa = PBXFileReference; lastKnownFileType = sourcecode.swift; path = GoogleDriveManagerTests.swift; sourceTree = "<group>"; };
		06C5C6A723690AEB00862196 /* FileSelectorView.swift */ = {isa = PBXFileReference; lastKnownFileType = sourcecode.swift; path = FileSelectorView.swift; sourceTree = "<group>"; };
		06EA7A47236CC57400D70CC9 /* MockGIDSignIn.swift */ = {isa = PBXFileReference; lastKnownFileType = sourcecode.swift; path = MockGIDSignIn.swift; sourceTree = "<group>"; };
		06EA7A49236CC64000D70CC9 /* MockUser.swift */ = {isa = PBXFileReference; lastKnownFileType = sourcecode.swift; path = MockUser.swift; sourceTree = "<group>"; };
		06EA7A4B236CC6A100D70CC9 /* MockNotificationCenter.swift */ = {isa = PBXFileReference; lastKnownFileType = sourcecode.swift; path = MockNotificationCenter.swift; sourceTree = "<group>"; };
		06EA7A4D236CC71B00D70CC9 /* MockAuthorizer.swift */ = {isa = PBXFileReference; lastKnownFileType = sourcecode.swift; path = MockAuthorizer.swift; sourceTree = "<group>"; };
		06EA7A4F236CC8F900D70CC9 /* GoogleSheetsManager.swift */ = {isa = PBXFileReference; lastKnownFileType = sourcecode.swift; path = GoogleSheetsManager.swift; sourceTree = "<group>"; };
		06EA7A53236CD70400D70CC9 /* GoogleSheetsManagerTests.swift */ = {isa = PBXFileReference; lastKnownFileType = sourcecode.swift; path = GoogleSheetsManagerTests.swift; sourceTree = "<group>"; };
		06ED8A5F235A908E009BA6A7 /* Aspire Budgeting.app */ = {isa = PBXFileReference; explicitFileType = wrapper.application; includeInIndex = 0; path = "Aspire Budgeting.app"; sourceTree = BUILT_PRODUCTS_DIR; };
		06ED8A62235A908E009BA6A7 /* AppDelegate.swift */ = {isa = PBXFileReference; lastKnownFileType = sourcecode.swift; path = AppDelegate.swift; sourceTree = "<group>"; };
		06ED8A64235A908E009BA6A7 /* SceneDelegate.swift */ = {isa = PBXFileReference; lastKnownFileType = sourcecode.swift; path = SceneDelegate.swift; sourceTree = "<group>"; };
		06ED8A66235A908E009BA6A7 /* ContentView.swift */ = {isa = PBXFileReference; lastKnownFileType = sourcecode.swift; path = ContentView.swift; sourceTree = "<group>"; };
		06ED8A68235A9090009BA6A7 /* Assets.xcassets */ = {isa = PBXFileReference; lastKnownFileType = folder.assetcatalog; path = Assets.xcassets; sourceTree = "<group>"; };
		06ED8A6B235A9090009BA6A7 /* Preview Assets.xcassets */ = {isa = PBXFileReference; lastKnownFileType = folder.assetcatalog; path = "Preview Assets.xcassets"; sourceTree = "<group>"; };
		06ED8A6E235A9090009BA6A7 /* Base */ = {isa = PBXFileReference; lastKnownFileType = file.storyboard; name = Base; path = Base.lproj/LaunchScreen.storyboard; sourceTree = "<group>"; };
		06ED8A70235A9090009BA6A7 /* Info.plist */ = {isa = PBXFileReference; lastKnownFileType = text.plist.xml; path = Info.plist; sourceTree = "<group>"; };
		06ED8A75235A9091009BA6A7 /* Aspire BudgetingTests.xctest */ = {isa = PBXFileReference; explicitFileType = wrapper.cfbundle; includeInIndex = 0; path = "Aspire BudgetingTests.xctest"; sourceTree = BUILT_PRODUCTS_DIR; };
		06ED8A79235A9091009BA6A7 /* Aspire_BudgetingTests.swift */ = {isa = PBXFileReference; lastKnownFileType = sourcecode.swift; path = Aspire_BudgetingTests.swift; sourceTree = "<group>"; };
		06ED8A7B235A9091009BA6A7 /* Info.plist */ = {isa = PBXFileReference; lastKnownFileType = text.plist.xml; path = Info.plist; sourceTree = "<group>"; };
		3C0B0E1283F182D53EBD85B3 /* Pods-Aspire Budgeting.debug.xcconfig */ = {isa = PBXFileReference; includeInIndex = 1; lastKnownFileType = text.xcconfig; name = "Pods-Aspire Budgeting.debug.xcconfig"; path = "Target Support Files/Pods-Aspire Budgeting/Pods-Aspire Budgeting.debug.xcconfig"; sourceTree = "<group>"; };
		4BDD7B19DBCA1DE955C8F5D1 /* Pods-Aspire BudgetingTests.debug.xcconfig */ = {isa = PBXFileReference; includeInIndex = 1; lastKnownFileType = text.xcconfig; name = "Pods-Aspire BudgetingTests.debug.xcconfig"; path = "Target Support Files/Pods-Aspire BudgetingTests/Pods-Aspire BudgetingTests.debug.xcconfig"; sourceTree = "<group>"; };
		68CE46AC8D5C124DF9507C36 /* Pods_Aspire_BudgetingTests.framework */ = {isa = PBXFileReference; explicitFileType = wrapper.framework; includeInIndex = 0; path = Pods_Aspire_BudgetingTests.framework; sourceTree = BUILT_PRODUCTS_DIR; };
		847C77A94AB6399935241E26 /* Pods-Aspire BudgetingTests.release.xcconfig */ = {isa = PBXFileReference; includeInIndex = 1; lastKnownFileType = text.xcconfig; name = "Pods-Aspire BudgetingTests.release.xcconfig"; path = "Target Support Files/Pods-Aspire BudgetingTests/Pods-Aspire BudgetingTests.release.xcconfig"; sourceTree = "<group>"; };
		8996E894932F10AFA501C123 /* Pods_Aspire_Budgeting.framework */ = {isa = PBXFileReference; explicitFileType = wrapper.framework; includeInIndex = 0; path = Pods_Aspire_Budgeting.framework; sourceTree = BUILT_PRODUCTS_DIR; };
		D0FA6DC926B65B023CE63596 /* Pods-Aspire Budgeting.release.xcconfig */ = {isa = PBXFileReference; includeInIndex = 1; lastKnownFileType = text.xcconfig; name = "Pods-Aspire Budgeting.release.xcconfig"; path = "Target Support Files/Pods-Aspire Budgeting/Pods-Aspire Budgeting.release.xcconfig"; sourceTree = "<group>"; };
/* End PBXFileReference section */

/* Begin PBXFrameworksBuildPhase section */
		06ED8A5C235A908E009BA6A7 /* Frameworks */ = {
			isa = PBXFrameworksBuildPhase;
			buildActionMask = 2147483647;
			files = (
				8D52A640C3D198885D3A12E6 /* Pods_Aspire_Budgeting.framework in Frameworks */,
			);
			runOnlyForDeploymentPostprocessing = 0;
		};
		06ED8A72235A9091009BA6A7 /* Frameworks */ = {
			isa = PBXFrameworksBuildPhase;
			buildActionMask = 2147483647;
			files = (
				2D3CFAC19EDA97C0B481206D /* Pods_Aspire_BudgetingTests.framework in Frameworks */,
			);
			runOnlyForDeploymentPostprocessing = 0;
		};
/* End PBXFrameworksBuildPhase section */

/* Begin PBXGroup section */
		066EF457235CE05100E94CE4 /* Views */ = {
			isa = PBXGroup;
			children = (
				066EF458235CE07C00E94CE4 /* GoogleSignInButton.swift */,
				066EF45A235CF2C900E94CE4 /* BackgroundColorView.swift */,
				066EF461235D4FBD00E94CE4 /* SignInView.swift */,
				06C5C6A723690AEB00862196 /* FileSelectorView.swift */,
				0694C2222369EDB90039528A /* DashboardView.swift */,
				065F03CF236DEF78005AED12 /* ErrorBannerView.swift */,
				065F03D1236E2385005AED12 /* DashboardRow.swift */,
			);
			path = Views;
			sourceTree = "<group>";
		};
		066EF45C235CF72700E94CE4 /* Models */ = {
			isa = PBXGroup;
			children = (
				066EF45D235CF74500E94CE4 /* User.swift */,
				06AB2C8123627B2D0076516E /* File.swift */,
				060024FD236F99DA00A20C96 /* DashboardCategoryRow.swift */,
				060024FF236F9A8000A20C96 /* DashboardGroupsAndCategories.swift */,
			);
			path = Models;
			sourceTree = "<group>";
		};
		06A0DAA6235BF98100AEF9FE /* Resources */ = {
			isa = PBXGroup;
			children = (
				06A0DAA7235BF99400AEF9FE /* credentials.plist */,
			);
			path = Resources;
			sourceTree = "<group>";
		};
		06A0DAAA235BFE4F00AEF9FE /* Facilities */ = {
			isa = PBXGroup;
			children = (
				06A0DAAB235BFE6700AEF9FE /* GoogleSDKCredentials.swift */,
				066EF45F235D3D6000E94CE4 /* UserManager.swift */,
				066EF463235E92AF00E94CE4 /* GoogleDriveManager.swift */,
				06A96051235FD2A60058EE64 /* ObjectFactory.swift */,
				06EA7A4F236CC8F900D70CC9 /* GoogleSheetsManager.swift */,
			);
			path = Facilities;
			sourceTree = "<group>";
		};
		06A9604A235FC26E0058EE64 /* Resources */ = {
			isa = PBXGroup;
			children = (
				06A9604F235FC9F50058EE64 /* bad_credentials.plist */,
				06A9604B235FC27D0058EE64 /* credentials.plist */,
			);
			path = Resources;
			sourceTree = "<group>";
		};
		06ED8A56235A908E009BA6A7 = {
			isa = PBXGroup;
			children = (
				06ED8A61235A908E009BA6A7 /* Aspire Budgeting */,
				06ED8A78235A9091009BA6A7 /* Aspire BudgetingTests */,
				06ED8A60235A908E009BA6A7 /* Products */,
				17855E1954464947EED0C1EA /* Pods */,
				1D6BB61583BB29144F606872 /* Frameworks */,
			);
			sourceTree = "<group>";
		};
		06ED8A60235A908E009BA6A7 /* Products */ = {
			isa = PBXGroup;
			children = (
				06ED8A5F235A908E009BA6A7 /* Aspire Budgeting.app */,
				06ED8A75235A9091009BA6A7 /* Aspire BudgetingTests.xctest */,
			);
			name = Products;
			sourceTree = "<group>";
		};
		06ED8A61235A908E009BA6A7 /* Aspire Budgeting */ = {
			isa = PBXGroup;
			children = (
				066EF45C235CF72700E94CE4 /* Models */,
				066EF457235CE05100E94CE4 /* Views */,
				06A0DAAA235BFE4F00AEF9FE /* Facilities */,
				06A0DAA6235BF98100AEF9FE /* Resources */,
				06ED8A62235A908E009BA6A7 /* AppDelegate.swift */,
				06ED8A64235A908E009BA6A7 /* SceneDelegate.swift */,
				06ED8A66235A908E009BA6A7 /* ContentView.swift */,
				06ED8A68235A9090009BA6A7 /* Assets.xcassets */,
				06ED8A6D235A9090009BA6A7 /* LaunchScreen.storyboard */,
				06ED8A70235A9090009BA6A7 /* Info.plist */,
				06ED8A6A235A9090009BA6A7 /* Preview Content */,
			);
			path = "Aspire Budgeting";
			sourceTree = "<group>";
		};
		06ED8A6A235A9090009BA6A7 /* Preview Content */ = {
			isa = PBXGroup;
			children = (
				06ED8A6B235A9090009BA6A7 /* Preview Assets.xcassets */,
			);
			path = "Preview Content";
			sourceTree = "<group>";
		};
		06ED8A78235A9091009BA6A7 /* Aspire BudgetingTests */ = {
			isa = PBXGroup;
			children = (
				06A9604A235FC26E0058EE64 /* Resources */,
				06ED8A79235A9091009BA6A7 /* Aspire_BudgetingTests.swift */,
				06ED8A7B235A9091009BA6A7 /* Info.plist */,
				06A96048235FBDC90058EE64 /* GoogleSDKCredentialsTests.swift */,
				06A96053235FF2620058EE64 /* UserManagerTests.swift */,
				06AB2C832363B4840076516E /* GoogleDriveManagerTests.swift */,
				06EA7A47236CC57400D70CC9 /* MockGIDSignIn.swift */,
				06EA7A49236CC64000D70CC9 /* MockUser.swift */,
				06EA7A4B236CC6A100D70CC9 /* MockNotificationCenter.swift */,
				06EA7A4D236CC71B00D70CC9 /* MockAuthorizer.swift */,
				06EA7A53236CD70400D70CC9 /* GoogleSheetsManagerTests.swift */,
				06002501236F9D9500A20C96 /* MockFile.swift */,
			);
			path = "Aspire BudgetingTests";
			sourceTree = "<group>";
		};
		17855E1954464947EED0C1EA /* Pods */ = {
			isa = PBXGroup;
			children = (
				3C0B0E1283F182D53EBD85B3 /* Pods-Aspire Budgeting.debug.xcconfig */,
				D0FA6DC926B65B023CE63596 /* Pods-Aspire Budgeting.release.xcconfig */,
				4BDD7B19DBCA1DE955C8F5D1 /* Pods-Aspire BudgetingTests.debug.xcconfig */,
				847C77A94AB6399935241E26 /* Pods-Aspire BudgetingTests.release.xcconfig */,
			);
			path = Pods;
			sourceTree = "<group>";
		};
		1D6BB61583BB29144F606872 /* Frameworks */ = {
			isa = PBXGroup;
			children = (
				8996E894932F10AFA501C123 /* Pods_Aspire_Budgeting.framework */,
				68CE46AC8D5C124DF9507C36 /* Pods_Aspire_BudgetingTests.framework */,
			);
			name = Frameworks;
			sourceTree = "<group>";
		};
/* End PBXGroup section */

/* Begin PBXNativeTarget section */
		06ED8A5E235A908E009BA6A7 /* Aspire Budgeting */ = {
			isa = PBXNativeTarget;
			buildConfigurationList = 06ED8A7E235A9091009BA6A7 /* Build configuration list for PBXNativeTarget "Aspire Budgeting" */;
			buildPhases = (
				D45E3E65DF7C04ACC7FA80C0 /* [CP] Check Pods Manifest.lock */,
				06A0DAAD235C02D600AEF9FE /* Inject Credentials */,
				06ED8A5B235A908E009BA6A7 /* Sources */,
				06ED8A5C235A908E009BA6A7 /* Frameworks */,
				06ED8A5D235A908E009BA6A7 /* Resources */,
				AED55A22A1B77F3741A38403 /* [CP] Embed Pods Frameworks */,
				6CBB4FCC30CC67673AFBA684 /* [CP] Copy Pods Resources */,
				06C5C6A62368FFF900862196 /* Swift Lint */,
			);
			buildRules = (
			);
			dependencies = (
			);
			name = "Aspire Budgeting";
			productName = "Aspire Budgeting";
			productReference = 06ED8A5F235A908E009BA6A7 /* Aspire Budgeting.app */;
			productType = "com.apple.product-type.application";
		};
		06ED8A74235A9091009BA6A7 /* Aspire BudgetingTests */ = {
			isa = PBXNativeTarget;
			buildConfigurationList = 06ED8A81235A9091009BA6A7 /* Build configuration list for PBXNativeTarget "Aspire BudgetingTests" */;
			buildPhases = (
				15A677D33393EF9692542420 /* [CP] Check Pods Manifest.lock */,
				06ED8A71235A9091009BA6A7 /* Sources */,
				06ED8A72235A9091009BA6A7 /* Frameworks */,
				06ED8A73235A9091009BA6A7 /* Resources */,
			);
			buildRules = (
			);
			dependencies = (
				06ED8A77235A9091009BA6A7 /* PBXTargetDependency */,
			);
			name = "Aspire BudgetingTests";
			productName = "Aspire BudgetingTests";
			productReference = 06ED8A75235A9091009BA6A7 /* Aspire BudgetingTests.xctest */;
			productType = "com.apple.product-type.bundle.unit-test";
		};
/* End PBXNativeTarget section */

/* Begin PBXProject section */
		06ED8A57235A908E009BA6A7 /* Project object */ = {
			isa = PBXProject;
			attributes = {
				LastSwiftUpdateCheck = 1110;
				LastUpgradeCheck = 1110;
				ORGANIZATIONNAME = "TeraMo Labs";
				TargetAttributes = {
					06ED8A5E235A908E009BA6A7 = {
						CreatedOnToolsVersion = 11.1;
					};
					06ED8A74235A9091009BA6A7 = {
						CreatedOnToolsVersion = 11.1;
						TestTargetID = 06ED8A5E235A908E009BA6A7;
					};
				};
			};
			buildConfigurationList = 06ED8A5A235A908E009BA6A7 /* Build configuration list for PBXProject "Aspire Budgeting" */;
			compatibilityVersion = "Xcode 9.3";
			developmentRegion = en;
			hasScannedForEncodings = 0;
			knownRegions = (
				en,
				Base,
			);
			mainGroup = 06ED8A56235A908E009BA6A7;
			productRefGroup = 06ED8A60235A908E009BA6A7 /* Products */;
			projectDirPath = "";
			projectRoot = "";
			targets = (
				06ED8A5E235A908E009BA6A7 /* Aspire Budgeting */,
				06ED8A74235A9091009BA6A7 /* Aspire BudgetingTests */,
			);
		};
/* End PBXProject section */

/* Begin PBXResourcesBuildPhase section */
		06ED8A5D235A908E009BA6A7 /* Resources */ = {
			isa = PBXResourcesBuildPhase;
			buildActionMask = 2147483647;
			files = (
				06ED8A6F235A9090009BA6A7 /* LaunchScreen.storyboard in Resources */,
				06A0DAA8235BF99400AEF9FE /* credentials.plist in Resources */,
				06ED8A6C235A9090009BA6A7 /* Preview Assets.xcassets in Resources */,
				06ED8A69235A9090009BA6A7 /* Assets.xcassets in Resources */,
			);
			runOnlyForDeploymentPostprocessing = 0;
		};
		06ED8A73235A9091009BA6A7 /* Resources */ = {
			isa = PBXResourcesBuildPhase;
			buildActionMask = 2147483647;
			files = (
				06A9604C235FC27D0058EE64 /* credentials.plist in Resources */,
				06A96050235FC9F50058EE64 /* bad_credentials.plist in Resources */,
			);
			runOnlyForDeploymentPostprocessing = 0;
		};
/* End PBXResourcesBuildPhase section */

/* Begin PBXShellScriptBuildPhase section */
		06A0DAAD235C02D600AEF9FE /* Inject Credentials */ = {
			isa = PBXShellScriptBuildPhase;
			buildActionMask = 2147483647;
			files = (
			);
			inputFileListPaths = (
			);
			inputPaths = (
			);
			name = "Inject Credentials";
			outputFileListPaths = (
			);
			outputPaths = (
			);
			runOnlyForDeploymentPostprocessing = 0;
			shellPath = /bin/sh;
			shellScript = "\"$SRCROOT\"/BuildPhases/set_google_credentials.sh\n";
		};
		06C5C6A62368FFF900862196 /* Swift Lint */ = {
			isa = PBXShellScriptBuildPhase;
			buildActionMask = 2147483647;
			files = (
			);
			inputFileListPaths = (
			);
			inputPaths = (
			);
			name = "Swift Lint";
			outputFileListPaths = (
			);
			outputPaths = (
			);
			runOnlyForDeploymentPostprocessing = 0;
			shellPath = /bin/sh;
			shellScript = "if which swiftlint >/dev/null; then\n  swiftlint\nelse\n  echo \"warning: SwiftLint not installed, download from https://github.com/realm/SwiftLint\"\nfi\n";
		};
		15A677D33393EF9692542420 /* [CP] Check Pods Manifest.lock */ = {
			isa = PBXShellScriptBuildPhase;
			buildActionMask = 2147483647;
			files = (
			);
			inputFileListPaths = (
			);
			inputPaths = (
				"${PODS_PODFILE_DIR_PATH}/Podfile.lock",
				"${PODS_ROOT}/Manifest.lock",
			);
			name = "[CP] Check Pods Manifest.lock";
			outputFileListPaths = (
			);
			outputPaths = (
				"$(DERIVED_FILE_DIR)/Pods-Aspire BudgetingTests-checkManifestLockResult.txt",
			);
			runOnlyForDeploymentPostprocessing = 0;
			shellPath = /bin/sh;
			shellScript = "diff \"${PODS_PODFILE_DIR_PATH}/Podfile.lock\" \"${PODS_ROOT}/Manifest.lock\" > /dev/null\nif [ $? != 0 ] ; then\n    # print error to STDERR\n    echo \"error: The sandbox is not in sync with the Podfile.lock. Run 'pod install' or update your CocoaPods installation.\" >&2\n    exit 1\nfi\n# This output is used by Xcode 'outputs' to avoid re-running this script phase.\necho \"SUCCESS\" > \"${SCRIPT_OUTPUT_FILE_0}\"\n";
			showEnvVarsInLog = 0;
		};
		6CBB4FCC30CC67673AFBA684 /* [CP] Copy Pods Resources */ = {
			isa = PBXShellScriptBuildPhase;
			buildActionMask = 2147483647;
			files = (
			);
			inputFileListPaths = (
				"${PODS_ROOT}/Target Support Files/Pods-Aspire Budgeting/Pods-Aspire Budgeting-resources-${CONFIGURATION}-input-files.xcfilelist",
			);
			name = "[CP] Copy Pods Resources";
			outputFileListPaths = (
				"${PODS_ROOT}/Target Support Files/Pods-Aspire Budgeting/Pods-Aspire Budgeting-resources-${CONFIGURATION}-output-files.xcfilelist",
			);
			runOnlyForDeploymentPostprocessing = 0;
			shellPath = /bin/sh;
			shellScript = "\"${PODS_ROOT}/Target Support Files/Pods-Aspire Budgeting/Pods-Aspire Budgeting-resources.sh\"\n";
			showEnvVarsInLog = 0;
		};
		AED55A22A1B77F3741A38403 /* [CP] Embed Pods Frameworks */ = {
			isa = PBXShellScriptBuildPhase;
			buildActionMask = 2147483647;
			files = (
			);
			inputFileListPaths = (
				"${PODS_ROOT}/Target Support Files/Pods-Aspire Budgeting/Pods-Aspire Budgeting-frameworks-${CONFIGURATION}-input-files.xcfilelist",
			);
			name = "[CP] Embed Pods Frameworks";
			outputFileListPaths = (
				"${PODS_ROOT}/Target Support Files/Pods-Aspire Budgeting/Pods-Aspire Budgeting-frameworks-${CONFIGURATION}-output-files.xcfilelist",
			);
			runOnlyForDeploymentPostprocessing = 0;
			shellPath = /bin/sh;
			shellScript = "\"${PODS_ROOT}/Target Support Files/Pods-Aspire Budgeting/Pods-Aspire Budgeting-frameworks.sh\"\n";
			showEnvVarsInLog = 0;
		};
		D45E3E65DF7C04ACC7FA80C0 /* [CP] Check Pods Manifest.lock */ = {
			isa = PBXShellScriptBuildPhase;
			buildActionMask = 2147483647;
			files = (
			);
			inputFileListPaths = (
			);
			inputPaths = (
				"${PODS_PODFILE_DIR_PATH}/Podfile.lock",
				"${PODS_ROOT}/Manifest.lock",
			);
			name = "[CP] Check Pods Manifest.lock";
			outputFileListPaths = (
			);
			outputPaths = (
				"$(DERIVED_FILE_DIR)/Pods-Aspire Budgeting-checkManifestLockResult.txt",
			);
			runOnlyForDeploymentPostprocessing = 0;
			shellPath = /bin/sh;
			shellScript = "diff \"${PODS_PODFILE_DIR_PATH}/Podfile.lock\" \"${PODS_ROOT}/Manifest.lock\" > /dev/null\nif [ $? != 0 ] ; then\n    # print error to STDERR\n    echo \"error: The sandbox is not in sync with the Podfile.lock. Run 'pod install' or update your CocoaPods installation.\" >&2\n    exit 1\nfi\n# This output is used by Xcode 'outputs' to avoid re-running this script phase.\necho \"SUCCESS\" > \"${SCRIPT_OUTPUT_FILE_0}\"\n";
			showEnvVarsInLog = 0;
		};
/* End PBXShellScriptBuildPhase section */

/* Begin PBXSourcesBuildPhase section */
		06ED8A5B235A908E009BA6A7 /* Sources */ = {
			isa = PBXSourcesBuildPhase;
			buildActionMask = 2147483647;
			files = (
				066EF462235D4FBD00E94CE4 /* SignInView.swift in Sources */,
				065F03D2236E2385005AED12 /* DashboardRow.swift in Sources */,
				06AB2C8223627B2D0076516E /* File.swift in Sources */,
				06002500236F9A8000A20C96 /* DashboardGroupsAndCategories.swift in Sources */,
				066EF45B235CF2C900E94CE4 /* BackgroundColorView.swift in Sources */,
				0694C2232369EDB90039528A /* DashboardView.swift in Sources */,
				06ED8A63235A908E009BA6A7 /* AppDelegate.swift in Sources */,
				06A96052235FD2A60058EE64 /* ObjectFactory.swift in Sources */,
				06ED8A65235A908E009BA6A7 /* SceneDelegate.swift in Sources */,
				066EF459235CE07C00E94CE4 /* GoogleSignInButton.swift in Sources */,
				066EF464235E92AF00E94CE4 /* GoogleDriveManager.swift in Sources */,
				06A0DAAC235BFE6700AEF9FE /* GoogleSDKCredentials.swift in Sources */,
				06ED8A67235A908E009BA6A7 /* ContentView.swift in Sources */,
				065F03D0236DEF78005AED12 /* ErrorBannerView.swift in Sources */,
				066EF460235D3D6000E94CE4 /* UserManager.swift in Sources */,
				06C5C6A823690AEB00862196 /* FileSelectorView.swift in Sources */,
				066EF45E235CF74500E94CE4 /* User.swift in Sources */,
				060024FE236F99DA00A20C96 /* DashboardCategoryRow.swift in Sources */,
				06EA7A50236CC8F900D70CC9 /* GoogleSheetsManager.swift in Sources */,
			);
			runOnlyForDeploymentPostprocessing = 0;
		};
		06ED8A71235A9091009BA6A7 /* Sources */ = {
			isa = PBXSourcesBuildPhase;
			buildActionMask = 2147483647;
			files = (
				06EA7A4C236CC6A100D70CC9 /* MockNotificationCenter.swift in Sources */,
				06A96054235FF2620058EE64 /* UserManagerTests.swift in Sources */,
				06EA7A54236CD70400D70CC9 /* GoogleSheetsManagerTests.swift in Sources */,
				06AB2C842363B4840076516E /* GoogleDriveManagerTests.swift in Sources */,
				06A96049235FBDC90058EE64 /* GoogleSDKCredentialsTests.swift in Sources */,
				06ED8A7A235A9091009BA6A7 /* Aspire_BudgetingTests.swift in Sources */,
				06EA7A4A236CC64000D70CC9 /* MockUser.swift in Sources */,
				06EA7A4E236CC71B00D70CC9 /* MockAuthorizer.swift in Sources */,
				06EA7A48236CC57400D70CC9 /* MockGIDSignIn.swift in Sources */,
				06002502236F9D9500A20C96 /* MockFile.swift in Sources */,
			);
			runOnlyForDeploymentPostprocessing = 0;
		};
/* End PBXSourcesBuildPhase section */

/* Begin PBXTargetDependency section */
		06ED8A77235A9091009BA6A7 /* PBXTargetDependency */ = {
			isa = PBXTargetDependency;
			target = 06ED8A5E235A908E009BA6A7 /* Aspire Budgeting */;
			targetProxy = 06ED8A76235A9091009BA6A7 /* PBXContainerItemProxy */;
		};
/* End PBXTargetDependency section */

/* Begin PBXVariantGroup section */
		06ED8A6D235A9090009BA6A7 /* LaunchScreen.storyboard */ = {
			isa = PBXVariantGroup;
			children = (
				06ED8A6E235A9090009BA6A7 /* Base */,
			);
			name = LaunchScreen.storyboard;
			sourceTree = "<group>";
		};
/* End PBXVariantGroup section */

/* Begin XCBuildConfiguration section */
		06ED8A7C235A9091009BA6A7 /* Debug */ = {
			isa = XCBuildConfiguration;
			buildSettings = {
				ALWAYS_SEARCH_USER_PATHS = NO;
				CLANG_ANALYZER_NONNULL = YES;
				CLANG_ANALYZER_NUMBER_OBJECT_CONVERSION = YES_AGGRESSIVE;
				CLANG_CXX_LANGUAGE_STANDARD = "gnu++14";
				CLANG_CXX_LIBRARY = "libc++";
				CLANG_ENABLE_MODULES = YES;
				CLANG_ENABLE_OBJC_ARC = YES;
				CLANG_ENABLE_OBJC_WEAK = YES;
				CLANG_WARN_BLOCK_CAPTURE_AUTORELEASING = YES;
				CLANG_WARN_BOOL_CONVERSION = YES;
				CLANG_WARN_COMMA = YES;
				CLANG_WARN_CONSTANT_CONVERSION = YES;
				CLANG_WARN_DEPRECATED_OBJC_IMPLEMENTATIONS = YES;
				CLANG_WARN_DIRECT_OBJC_ISA_USAGE = YES_ERROR;
				CLANG_WARN_DOCUMENTATION_COMMENTS = YES;
				CLANG_WARN_EMPTY_BODY = YES;
				CLANG_WARN_ENUM_CONVERSION = YES;
				CLANG_WARN_INFINITE_RECURSION = YES;
				CLANG_WARN_INT_CONVERSION = YES;
				CLANG_WARN_NON_LITERAL_NULL_CONVERSION = YES;
				CLANG_WARN_OBJC_IMPLICIT_RETAIN_SELF = YES;
				CLANG_WARN_OBJC_LITERAL_CONVERSION = YES;
				CLANG_WARN_OBJC_ROOT_CLASS = YES_ERROR;
				CLANG_WARN_RANGE_LOOP_ANALYSIS = YES;
				CLANG_WARN_STRICT_PROTOTYPES = YES;
				CLANG_WARN_SUSPICIOUS_MOVE = YES;
				CLANG_WARN_UNGUARDED_AVAILABILITY = YES_AGGRESSIVE;
				CLANG_WARN_UNREACHABLE_CODE = YES;
				CLANG_WARN__DUPLICATE_METHOD_MATCH = YES;
				COPY_PHASE_STRIP = NO;
				DEBUG_INFORMATION_FORMAT = dwarf;
				ENABLE_STRICT_OBJC_MSGSEND = YES;
				ENABLE_TESTABILITY = YES;
				GCC_C_LANGUAGE_STANDARD = gnu11;
				GCC_DYNAMIC_NO_PIC = NO;
				GCC_NO_COMMON_BLOCKS = YES;
				GCC_OPTIMIZATION_LEVEL = 0;
				GCC_PREPROCESSOR_DEFINITIONS = (
					"DEBUG=1",
					"$(inherited)",
				);
				GCC_WARN_64_TO_32_BIT_CONVERSION = YES;
				GCC_WARN_ABOUT_RETURN_TYPE = YES_ERROR;
				GCC_WARN_UNDECLARED_SELECTOR = YES;
				GCC_WARN_UNINITIALIZED_AUTOS = YES_AGGRESSIVE;
				GCC_WARN_UNUSED_FUNCTION = YES;
				GCC_WARN_UNUSED_VARIABLE = YES;
				IPHONEOS_DEPLOYMENT_TARGET = 13.1;
				MTL_ENABLE_DEBUG_INFO = INCLUDE_SOURCE;
				MTL_FAST_MATH = YES;
				ONLY_ACTIVE_ARCH = YES;
				SDKROOT = iphoneos;
				SWIFT_ACTIVE_COMPILATION_CONDITIONS = DEBUG;
				SWIFT_OPTIMIZATION_LEVEL = "-Onone";
			};
			name = Debug;
		};
		06ED8A7D235A9091009BA6A7 /* Release */ = {
			isa = XCBuildConfiguration;
			buildSettings = {
				ALWAYS_SEARCH_USER_PATHS = NO;
				CLANG_ANALYZER_NONNULL = YES;
				CLANG_ANALYZER_NUMBER_OBJECT_CONVERSION = YES_AGGRESSIVE;
				CLANG_CXX_LANGUAGE_STANDARD = "gnu++14";
				CLANG_CXX_LIBRARY = "libc++";
				CLANG_ENABLE_MODULES = YES;
				CLANG_ENABLE_OBJC_ARC = YES;
				CLANG_ENABLE_OBJC_WEAK = YES;
				CLANG_WARN_BLOCK_CAPTURE_AUTORELEASING = YES;
				CLANG_WARN_BOOL_CONVERSION = YES;
				CLANG_WARN_COMMA = YES;
				CLANG_WARN_CONSTANT_CONVERSION = YES;
				CLANG_WARN_DEPRECATED_OBJC_IMPLEMENTATIONS = YES;
				CLANG_WARN_DIRECT_OBJC_ISA_USAGE = YES_ERROR;
				CLANG_WARN_DOCUMENTATION_COMMENTS = YES;
				CLANG_WARN_EMPTY_BODY = YES;
				CLANG_WARN_ENUM_CONVERSION = YES;
				CLANG_WARN_INFINITE_RECURSION = YES;
				CLANG_WARN_INT_CONVERSION = YES;
				CLANG_WARN_NON_LITERAL_NULL_CONVERSION = YES;
				CLANG_WARN_OBJC_IMPLICIT_RETAIN_SELF = YES;
				CLANG_WARN_OBJC_LITERAL_CONVERSION = YES;
				CLANG_WARN_OBJC_ROOT_CLASS = YES_ERROR;
				CLANG_WARN_RANGE_LOOP_ANALYSIS = YES;
				CLANG_WARN_STRICT_PROTOTYPES = YES;
				CLANG_WARN_SUSPICIOUS_MOVE = YES;
				CLANG_WARN_UNGUARDED_AVAILABILITY = YES_AGGRESSIVE;
				CLANG_WARN_UNREACHABLE_CODE = YES;
				CLANG_WARN__DUPLICATE_METHOD_MATCH = YES;
				COPY_PHASE_STRIP = NO;
				DEBUG_INFORMATION_FORMAT = "dwarf-with-dsym";
				ENABLE_NS_ASSERTIONS = NO;
				ENABLE_STRICT_OBJC_MSGSEND = YES;
				GCC_C_LANGUAGE_STANDARD = gnu11;
				GCC_NO_COMMON_BLOCKS = YES;
				GCC_WARN_64_TO_32_BIT_CONVERSION = YES;
				GCC_WARN_ABOUT_RETURN_TYPE = YES_ERROR;
				GCC_WARN_UNDECLARED_SELECTOR = YES;
				GCC_WARN_UNINITIALIZED_AUTOS = YES_AGGRESSIVE;
				GCC_WARN_UNUSED_FUNCTION = YES;
				GCC_WARN_UNUSED_VARIABLE = YES;
				IPHONEOS_DEPLOYMENT_TARGET = 13.1;
				MTL_ENABLE_DEBUG_INFO = NO;
				MTL_FAST_MATH = YES;
				SDKROOT = iphoneos;
				SWIFT_COMPILATION_MODE = wholemodule;
				SWIFT_OPTIMIZATION_LEVEL = "-O";
				VALIDATE_PRODUCT = YES;
			};
			name = Release;
		};
		06ED8A7F235A9091009BA6A7 /* Debug */ = {
			isa = XCBuildConfiguration;
			baseConfigurationReference = 3C0B0E1283F182D53EBD85B3 /* Pods-Aspire Budgeting.debug.xcconfig */;
			buildSettings = {
				ASSETCATALOG_COMPILER_APPICON_NAME = AppIcon;
				CODE_SIGN_STYLE = Automatic;
				CURRENT_PROJECT_VERSION = 2;
				DEVELOPMENT_ASSET_PATHS = "\"Aspire Budgeting/Preview Content\"";
				DEVELOPMENT_TEAM = CB34G9Z4DX;
				ENABLE_PREVIEWS = YES;
				INFOPLIST_FILE = "Aspire Budgeting/Info.plist";
				LD_RUNPATH_SEARCH_PATHS = (
					"$(inherited)",
					"@executable_path/Frameworks",
				);
				PRODUCT_BUNDLE_IDENTIFIER = in.teramolabs.AspireBudgeting;
				PRODUCT_NAME = "$(TARGET_NAME)";
				SWIFT_VERSION = 5.0;
				TARGETED_DEVICE_FAMILY = "1,2";
			};
			name = Debug;
		};
		06ED8A80235A9091009BA6A7 /* Release */ = {
			isa = XCBuildConfiguration;
			baseConfigurationReference = D0FA6DC926B65B023CE63596 /* Pods-Aspire Budgeting.release.xcconfig */;
			buildSettings = {
				ASSETCATALOG_COMPILER_APPICON_NAME = AppIcon;
				CODE_SIGN_STYLE = Automatic;
				CURRENT_PROJECT_VERSION = 2;
				DEVELOPMENT_ASSET_PATHS = "\"Aspire Budgeting/Preview Content\"";
				DEVELOPMENT_TEAM = CB34G9Z4DX;
				ENABLE_PREVIEWS = YES;
				INFOPLIST_FILE = "Aspire Budgeting/Info.plist";
				LD_RUNPATH_SEARCH_PATHS = (
					"$(inherited)",
					"@executable_path/Frameworks",
				);
				PRODUCT_BUNDLE_IDENTIFIER = in.teramolabs.AspireBudgeting;
				PRODUCT_NAME = "$(TARGET_NAME)";
				SWIFT_VERSION = 5.0;
				TARGETED_DEVICE_FAMILY = "1,2";
			};
			name = Release;
		};
		06ED8A82235A9091009BA6A7 /* Debug */ = {
			isa = XCBuildConfiguration;
			baseConfigurationReference = 4BDD7B19DBCA1DE955C8F5D1 /* Pods-Aspire BudgetingTests.debug.xcconfig */;
			buildSettings = {
				ALWAYS_EMBED_SWIFT_STANDARD_LIBRARIES = YES;
				BUNDLE_LOADER = "$(TEST_HOST)";
				CODE_SIGN_STYLE = Automatic;
				DEVELOPMENT_TEAM = CB34G9Z4DX;
				INFOPLIST_FILE = "Aspire BudgetingTests/Info.plist";
				IPHONEOS_DEPLOYMENT_TARGET = 13.1;
				LD_RUNPATH_SEARCH_PATHS = (
					"$(inherited)",
					"@executable_path/Frameworks",
					"@loader_path/Frameworks",
				);
				PRODUCT_BUNDLE_IDENTIFIER = "in.teramolabs..Aspire-BudgetingTests";
				PRODUCT_NAME = "$(TARGET_NAME)";
				SWIFT_VERSION = 5.0;
				TARGETED_DEVICE_FAMILY = "1,2";
				TEST_HOST = "$(BUILT_PRODUCTS_DIR)/Aspire Budgeting.app/Aspire Budgeting";
			};
			name = Debug;
		};
		06ED8A83235A9091009BA6A7 /* Release */ = {
			isa = XCBuildConfiguration;
			baseConfigurationReference = 847C77A94AB6399935241E26 /* Pods-Aspire BudgetingTests.release.xcconfig */;
			buildSettings = {
				ALWAYS_EMBED_SWIFT_STANDARD_LIBRARIES = YES;
				BUNDLE_LOADER = "$(TEST_HOST)";
				CODE_SIGN_STYLE = Automatic;
				DEVELOPMENT_TEAM = CB34G9Z4DX;
				INFOPLIST_FILE = "Aspire BudgetingTests/Info.plist";
				IPHONEOS_DEPLOYMENT_TARGET = 13.1;
				LD_RUNPATH_SEARCH_PATHS = (
					"$(inherited)",
					"@executable_path/Frameworks",
					"@loader_path/Frameworks",
				);
				PRODUCT_BUNDLE_IDENTIFIER = "in.teramolabs..Aspire-BudgetingTests";
				PRODUCT_NAME = "$(TARGET_NAME)";
				SWIFT_VERSION = 5.0;
				TARGETED_DEVICE_FAMILY = "1,2";
				TEST_HOST = "$(BUILT_PRODUCTS_DIR)/Aspire Budgeting.app/Aspire Budgeting";
			};
			name = Release;
		};
/* End XCBuildConfiguration section */

/* Begin XCConfigurationList section */
		06ED8A5A235A908E009BA6A7 /* Build configuration list for PBXProject "Aspire Budgeting" */ = {
			isa = XCConfigurationList;
			buildConfigurations = (
				06ED8A7C235A9091009BA6A7 /* Debug */,
				06ED8A7D235A9091009BA6A7 /* Release */,
			);
			defaultConfigurationIsVisible = 0;
			defaultConfigurationName = Release;
		};
		06ED8A7E235A9091009BA6A7 /* Build configuration list for PBXNativeTarget "Aspire Budgeting" */ = {
			isa = XCConfigurationList;
			buildConfigurations = (
				06ED8A7F235A9091009BA6A7 /* Debug */,
				06ED8A80235A9091009BA6A7 /* Release */,
			);
			defaultConfigurationIsVisible = 0;
			defaultConfigurationName = Release;
		};
		06ED8A81235A9091009BA6A7 /* Build configuration list for PBXNativeTarget "Aspire BudgetingTests" */ = {
			isa = XCConfigurationList;
			buildConfigurations = (
				06ED8A82235A9091009BA6A7 /* Debug */,
				06ED8A83235A9091009BA6A7 /* Release */,
			);
			defaultConfigurationIsVisible = 0;
			defaultConfigurationName = Release;
		};
/* End XCConfigurationList section */
	};
	rootObject = 06ED8A57235A908E009BA6A7 /* Project object */;
}
